// !$*UTF8*$!
{
	archiveVersion = 1;
	classes = {
	};
	objectVersion = 46;
	objects = {

/* Begin PBXFileReference section */
		C67A70041E2697A700AB0278 /* main.cpp */ = {isa = PBXFileReference; lastKnownFileType = sourcecode.cpp.cpp; path = main.cpp; sourceTree = "<group>"; };
/* End PBXFileReference section */

/* Begin PBXGroup section */
		C67A6FFD1E2696B900AB0278 = {
			isa = PBXGroup;
			children = (
				C67A70041E2697A700AB0278 /* main.cpp */,
			);
			sourceTree = "<group>";
		};
/* End PBXGroup section */

/* Begin PBXProject section */
		C67A6FFE1E2696B900AB0278 /* Project object */ = {
			isa = PBXProject;
			attributes = {
				LastUpgradeCheck = 0820;
			};
			buildConfigurationList = C67A70011E2696B900AB0278 /* Build configuration list for PBXProject "plinko" */;
			compatibilityVersion = "Xcode 3.2";
			developmentRegion = English;
			hasScannedForEncodings = 0;
			knownRegions = (
				en,
			);
			mainGroup = C67A6FFD1E2696B900AB0278;
			projectDirPath = "";
			projectRoot = "";
			targets = (
			);
		};
/* End PBXProject section */

/* Begin XCBuildConfiguration section */
		C67A70021E2696B900AB0278 /* Debug */ = {
			isa = XCBuildConfiguration;
			buildSettings = {
			};
			name = Debug;
		};
		C67A70031E2696B900AB0278 /* Release */ = {
			isa = XCBuildConfiguration;
			buildSettings = {
			};
			name = Release;
		};
/* End XCBuildConfiguration section */

/* Begin XCConfigurationList section */
		C67A70011E2696B900AB0278 /* Build configuration list for PBXProject "plinko" */ = {
			isa = XCConfigurationList;
			buildConfigurations = (
				C67A70021E2696B900AB0278 /* Debug */,
				C67A70031E2696B900AB0278 /* Release */,
			);
			defaultConfigurationIsVisible = 0;
			defaultConfigurationName = Release;
		};
/* End XCConfigurationList section */
	};
	rootObject = C67A6FFE1E2696B900AB0278 /* Project object */;
}
